
Microsoft Visual Studio Solution File, Format Version 12.00
# Visual Studio Version 16
VisualStudioVersion = 16.0.33529.622
MinimumVisualStudioVersion = 10.0.40219.1
Project("{FAE04EC0-301F-11D3-BF4B-00C04F79EFBC}") = "Mensajería Email", "Mensajería Email.csproj", "{D2FBE789-3547-4303-9C61-13C356D070EC}"
EndProject
Global
	GlobalSection(SolutionConfigurationPlatforms) = preSolution
		Debug|Any CPU = Debug|Any CPU
		Release|Any CPU = Release|Any CPU
	EndGlobalSection
	GlobalSection(ProjectConfigurationPlatforms) = postSolution
		{D2FBE789-3547-4303-9C61-13C356D070EC}.Debug|Any CPU.ActiveCfg = Debug|Any CPU
		{D2FBE789-3547-4303-9C61-13C356D070EC}.Debug|Any CPU.Build.0 = Debug|Any CPU
		{D2FBE789-3547-4303-9C61-13C356D070EC}.Release|Any CPU.ActiveCfg = Release|Any CPU
		{D2FBE789-3547-4303-9C61-13C356D070EC}.Release|Any CPU.Build.0 = Release|Any CPU
	EndGlobalSection
	GlobalSection(SolutionProperties) = preSolution
		HideSolutionNode = FALSE
	EndGlobalSection
	GlobalSection(ExtensibilityGlobals) = postSolution
		SolutionGuid = {AB4B52EA-0910-41BC-AC89-1AC7D0C8486B}
	EndGlobalSection
EndGlobal
